
Microsoft Visual Studio Solution File, Format Version 12.00
# Visual Studio Version 16
VisualStudioVersion = 16.0.30611.23
MinimumVisualStudioVersion = 10.0.40219.1
Project("{FAE04EC0-301F-11D3-BF4B-00C04F79EFBC}") = "NDP SORU_2", "NDP SORU_2\NDP SORU_2.csproj", "{C3DC5BA1-32B1-4760-A3CA-738BC5588CEF}"
EndProject
Global
	GlobalSection(SolutionConfigurationPlatforms) = preSolution
		Debug|Any CPU = Debug|Any CPU
		Release|Any CPU = Release|Any CPU
	EndGlobalSection
	GlobalSection(ProjectConfigurationPlatforms) = postSolution
		{C3DC5BA1-32B1-4760-A3CA-738BC5588CEF}.Debug|Any CPU.ActiveCfg = Debug|Any CPU
		{C3DC5BA1-32B1-4760-A3CA-738BC5588CEF}.Debug|Any CPU.Build.0 = Debug|Any CPU
		{C3DC5BA1-32B1-4760-A3CA-738BC5588CEF}.Release|Any CPU.ActiveCfg = Release|Any CPU
		{C3DC5BA1-32B1-4760-A3CA-738BC5588CEF}.Release|Any CPU.Build.0 = Release|Any CPU
	EndGlobalSection
	GlobalSection(SolutionProperties) = preSolution
		HideSolutionNode = FALSE
	EndGlobalSection
	GlobalSection(ExtensibilityGlobals) = postSolution
		SolutionGuid = {45524FD4-1009-4355-84BB-43465A72C375}
	EndGlobalSection
EndGlobal
